
Microsoft Visual Studio Solution File, Format Version 12.00
# Visual Studio 15
Project("{FAE04EC0-301F-11D3-BF4B-00C04F79EFBC}") = "ProjectABeautyWeb", "ProjectABeautyWeb.csproj", "{195BC27F-3568-4539-89E8-794A55B20184}"
EndProject
Global
	GlobalSection(SolutionConfigurationPlatforms) = preSolution
		Debug|Any CPU = Debug|Any CPU
		Release|Any CPU = Release|Any CPU
	EndGlobalSection
	GlobalSection(ProjectConfigurationPlatforms) = postSolution
		{195BC27F-3568-4539-89E8-794A55B20184}.Debug|Any CPU.ActiveCfg = Debug|Any CPU
		{195BC27F-3568-4539-89E8-794A55B20184}.Debug|Any CPU.Build.0 = Debug|Any CPU
		{195BC27F-3568-4539-89E8-794A55B20184}.Release|Any CPU.ActiveCfg = Release|Any CPU
		{195BC27F-3568-4539-89E8-794A55B20184}.Release|Any CPU.Build.0 = Release|Any CPU
	EndGlobalSection
EndGlobal
